
Microsoft Visual Studio Solution File, Format Version 12.00
# Visual Studio 15
Project("{FAE04EC0-301F-11D3-BF4B-00C04F79EFBC}") = "fps.UI", "fps.UI.csproj", "{261B5DC3-57FE-994C-D441-6792AA67702D}"
EndProject
Project("{FAE04EC0-301F-11D3-BF4B-00C04F79EFBC}") = "fps.AI", "fps.AI.csproj", "{88B39A6D-CC76-C791-2C0E-AC7065D8BD66}"
EndProject
Project("{FAE04EC0-301F-11D3-BF4B-00C04F79EFBC}") = "fps.Game", "fps.Game.csproj", "{9AE79BBF-175A-7CBD-CE85-9D136FF56AA1}"
EndProject
Project("{FAE04EC0-301F-11D3-BF4B-00C04F79EFBC}") = "Assembly-CSharp", "Assembly-CSharp.csproj", "{4131669B-1B74-FEED-F3AA-89892DF05584}"
EndProject
Project("{FAE04EC0-301F-11D3-BF4B-00C04F79EFBC}") = "fps.Gameplay", "fps.Gameplay.csproj", "{ABFEEA24-754D-8CF8-4949-5309AC94EC3E}"
EndProject
Project("{FAE04EC0-301F-11D3-BF4B-00C04F79EFBC}") = "Editor", "Editor.csproj", "{D8FF7AD7-F99B-E6F6-4504-BCF1C5520C2E}"
EndProject
Project("{FAE04EC0-301F-11D3-BF4B-00C04F79EFBC}") = "NavMeshComponentsEditor", "NavMeshComponentsEditor.csproj", "{88DF163D-4CB6-8AB2-E18F-DBF1DAD7B1B8}"
EndProject
Project("{FAE04EC0-301F-11D3-BF4B-00C04F79EFBC}") = "fps.Editor", "fps.Editor.csproj", "{2ADA249F-8B1D-ECCB-A461-79A6EF5CCA47}"
EndProject
Project("{FAE04EC0-301F-11D3-BF4B-00C04F79EFBC}") = "Unity.Microgame.Tutorials", "Unity.Microgame.Tutorials.csproj", "{B4F4C79C-BD04-9C38-DCEB-493CAC0355E5}"
EndProject
Project("{FAE04EC0-301F-11D3-BF4B-00C04F79EFBC}") = "NavMeshComponents", "NavMeshComponents.csproj", "{2DD2AF09-1BFD-DF94-E67A-596117893B9F}"
EndProject
Project("{FAE04EC0-301F-11D3-BF4B-00C04F79EFBC}") = "Unity.FPS.Tutorials", "Unity.FPS.Tutorials.csproj", "{80001D05-FB97-E5A4-1EB7-945727531206}"
EndProject
Global
	GlobalSection(SolutionConfigurationPlatforms) = preSolution
		Debug|Any CPU = Debug|Any CPU
		Release|Any CPU = Release|Any CPU
	EndGlobalSection
	GlobalSection(ProjectConfigurationPlatforms) = postSolution
		{261B5DC3-57FE-994C-D441-6792AA67702D}.Debug|Any CPU.ActiveCfg = Debug|Any CPU
		{261B5DC3-57FE-994C-D441-6792AA67702D}.Debug|Any CPU.Build.0 = Debug|Any CPU
		{261B5DC3-57FE-994C-D441-6792AA67702D}.Release|Any CPU.ActiveCfg = Release|Any CPU
		{261B5DC3-57FE-994C-D441-6792AA67702D}.Release|Any CPU.Build.0 = Release|Any CPU
		{88B39A6D-CC76-C791-2C0E-AC7065D8BD66}.Debug|Any CPU.ActiveCfg = Debug|Any CPU
		{88B39A6D-CC76-C791-2C0E-AC7065D8BD66}.Debug|Any CPU.Build.0 = Debug|Any CPU
		{88B39A6D-CC76-C791-2C0E-AC7065D8BD66}.Release|Any CPU.ActiveCfg = Release|Any CPU
		{88B39A6D-CC76-C791-2C0E-AC7065D8BD66}.Release|Any CPU.Build.0 = Release|Any CPU
		{9AE79BBF-175A-7CBD-CE85-9D136FF56AA1}.Debug|Any CPU.ActiveCfg = Debug|Any CPU
		{9AE79BBF-175A-7CBD-CE85-9D136FF56AA1}.Debug|Any CPU.Build.0 = Debug|Any CPU
		{9AE79BBF-175A-7CBD-CE85-9D136FF56AA1}.Release|Any CPU.ActiveCfg = Release|Any CPU
		{9AE79BBF-175A-7CBD-CE85-9D136FF56AA1}.Release|Any CPU.Build.0 = Release|Any CPU
		{4131669B-1B74-FEED-F3AA-89892DF05584}.Debug|Any CPU.ActiveCfg = Debug|Any CPU
		{4131669B-1B74-FEED-F3AA-89892DF05584}.Debug|Any CPU.Build.0 = Debug|Any CPU
		{4131669B-1B74-FEED-F3AA-89892DF05584}.Release|Any CPU.ActiveCfg = Release|Any CPU
		{4131669B-1B74-FEED-F3AA-89892DF05584}.Release|Any CPU.Build.0 = Release|Any CPU
		{ABFEEA24-754D-8CF8-4949-5309AC94EC3E}.Debug|Any CPU.ActiveCfg = Debug|Any CPU
		{ABFEEA24-754D-8CF8-4949-5309AC94EC3E}.Debug|Any CPU.Build.0 = Debug|Any CPU
		{ABFEEA24-754D-8CF8-4949-5309AC94EC3E}.Release|Any CPU.ActiveCfg = Release|Any CPU
		{ABFEEA24-754D-8CF8-4949-5309AC94EC3E}.Release|Any CPU.Build.0 = Release|Any CPU
		{D8FF7AD7-F99B-E6F6-4504-BCF1C5520C2E}.Debug|Any CPU.ActiveCfg = Debug|Any CPU
		{D8FF7AD7-F99B-E6F6-4504-BCF1C5520C2E}.Debug|Any CPU.Build.0 = Debug|Any CPU
		{D8FF7AD7-F99B-E6F6-4504-BCF1C5520C2E}.Release|Any CPU.ActiveCfg = Release|Any CPU
		{D8FF7AD7-F99B-E6F6-4504-BCF1C5520C2E}.Release|Any CPU.Build.0 = Release|Any CPU
		{88DF163D-4CB6-8AB2-E18F-DBF1DAD7B1B8}.Debug|Any CPU.ActiveCfg = Debug|Any CPU
		{88DF163D-4CB6-8AB2-E18F-DBF1DAD7B1B8}.Debug|Any CPU.Build.0 = Debug|Any CPU
		{88DF163D-4CB6-8AB2-E18F-DBF1DAD7B1B8}.Release|Any CPU.ActiveCfg = Release|Any CPU
		{88DF163D-4CB6-8AB2-E18F-DBF1DAD7B1B8}.Release|Any CPU.Build.0 = Release|Any CPU
		{2ADA249F-8B1D-ECCB-A461-79A6EF5CCA47}.Debug|Any CPU.ActiveCfg = Debug|Any CPU
		{2ADA249F-8B1D-ECCB-A461-79A6EF5CCA47}.Debug|Any CPU.Build.0 = Debug|Any CPU
		{2ADA249F-8B1D-ECCB-A461-79A6EF5CCA47}.Release|Any CPU.ActiveCfg = Release|Any CPU
		{2ADA249F-8B1D-ECCB-A461-79A6EF5CCA47}.Release|Any CPU.Build.0 = Release|Any CPU
		{B4F4C79C-BD04-9C38-DCEB-493CAC0355E5}.Debug|Any CPU.ActiveCfg = Debug|Any CPU
		{B4F4C79C-BD04-9C38-DCEB-493CAC0355E5}.Debug|Any CPU.Build.0 = Debug|Any CPU
		{B4F4C79C-BD04-9C38-DCEB-493CAC0355E5}.Release|Any CPU.ActiveCfg = Release|Any CPU
		{B4F4C79C-BD04-9C38-DCEB-493CAC0355E5}.Release|Any CPU.Build.0 = Release|Any CPU
		{2DD2AF09-1BFD-DF94-E67A-596117893B9F}.Debug|Any CPU.ActiveCfg = Debug|Any CPU
		{2DD2AF09-1BFD-DF94-E67A-596117893B9F}.Debug|Any CPU.Build.0 = Debug|Any CPU
		{2DD2AF09-1BFD-DF94-E67A-596117893B9F}.Release|Any CPU.ActiveCfg = Release|Any CPU
		{2DD2AF09-1BFD-DF94-E67A-596117893B9F}.Release|Any CPU.Build.0 = Release|Any CPU
		{80001D05-FB97-E5A4-1EB7-945727531206}.Debug|Any CPU.ActiveCfg = Debug|Any CPU
		{80001D05-FB97-E5A4-1EB7-945727531206}.Debug|Any CPU.Build.0 = Debug|Any CPU
		{80001D05-FB97-E5A4-1EB7-945727531206}.Release|Any CPU.ActiveCfg = Release|Any CPU
		{80001D05-FB97-E5A4-1EB7-945727531206}.Release|Any CPU.Build.0 = Release|Any CPU
	EndGlobalSection
	GlobalSection(SolutionProperties) = preSolution
		HideSolutionNode = FALSE
	EndGlobalSection
EndGlobal
